
Microsoft Visual Studio Solution File, Format Version 12.00
Project("{FAE04EC0-301F-11D3-BF4B-00C04F79EFBC}") = "OBSKDEGlue", "OBSKDEGlue\OBSKDEGlue.csproj", "{156629C1-0E0A-4695-B018-EAF1DEAC274A}"
EndProject
Global
	GlobalSection(SolutionConfigurationPlatforms) = preSolution
		Debug|Any CPU = Debug|Any CPU
		Release|Any CPU = Release|Any CPU
	EndGlobalSection
	GlobalSection(ProjectConfigurationPlatforms) = postSolution
		{156629C1-0E0A-4695-B018-EAF1DEAC274A}.Debug|Any CPU.ActiveCfg = Debug|Any CPU
		{156629C1-0E0A-4695-B018-EAF1DEAC274A}.Debug|Any CPU.Build.0 = Debug|Any CPU
		{156629C1-0E0A-4695-B018-EAF1DEAC274A}.Release|Any CPU.ActiveCfg = Release|Any CPU
		{156629C1-0E0A-4695-B018-EAF1DEAC274A}.Release|Any CPU.Build.0 = Release|Any CPU
	EndGlobalSection
EndGlobal
